# THIS IS AN AUTOGENERATED FILE. DO NOT EDIT THIS FILE DIRECTLY.
# yarn lockfile v1


axios@^0.21.4:
  version "0.21.4"
  resolved "https://registry.npmjs.org/axios/-/axios-0.21.4.tgz"
  dependencies:
    follow-redirects "^1.14.0"

follow-redirects@^1.14.0:
  version "1.15.4"
  resolved "https://registry.yarnpkg.com/follow-redirects/-/follow-redirects-1.15.4.tgz#cdc7d308bf6493126b17ea2191ea0ccf3e535adf"

lodash.groupby@^4.6.0:
  version "4.6.0"
  resolved "https://registry.npmjs.org/lodash.groupby/-/lodash.groupby-4.6.0.tgz"

lodash.partition@^4.6.0:
  version "4.6.0"
  resolved "https://registry.npmjs.org/lodash.partition/-/lodash.partition-4.6.0.tgz"

lodash.samplesize@^4.2.0:
  version "4.2.0"
  resolved "https://registry.npmjs.org/lodash.samplesize/-/lodash.samplesize-4.2.0.tgz"

moment@^2.29.2:
  version "2.29.4"
  resolved "https://registry.npmjs.org/moment/-/moment-2.29.4.tgz"
