# THIS IS AN AUTOGENERATED FILE. DO NOT EDIT THIS FILE DIRECTLY.
# yarn lockfile v1


"axios@^0.21.4":
  "integrity" "sha512-ut5vewkiu8jjGBdqpM44XxjuCjq9LAKeHVmoVfHVzy8eHgxxq8SbAVQNovDA8mVi05kP0Ea/n/UzcSHcTJQfNg=="
  "resolved" "https://registry.npmjs.org/axios/-/axios-0.21.4.tgz"
  "version" "0.21.4"
  dependencies:
    "follow-redirects" "^1.14.0"

"follow-redirects@^1.14.0":
  "integrity" "sha512-VQLG33o04KaQ8uYi2tVNbdrWp1QWxNNea+nmIB4EVM28v0hmP17z7aG1+wAkNzVq4KeXTq3221ye5qTJP91JwA=="
  "resolved" "https://registry.npmjs.org/follow-redirects/-/follow-redirects-1.15.2.tgz"
  "version" "1.15.2"

"lodash.groupby@^4.6.0":
  "integrity" "sha1-Cwih3PaDl8OXhVwyOXg4Mt90A9E="
  "resolved" "https://registry.npmjs.org/lodash.groupby/-/lodash.groupby-4.6.0.tgz"
  "version" "4.6.0"

"lodash.partition@^4.6.0":
  "integrity" "sha512-35L3dSF3Q6V1w5j6V3NhNlQjzsRDC/pYKCTdYTmwqSib+Q8ponkAmt/PwEOq3EmI38DSCl+SkIVwLd+uSlVdrg=="
  "resolved" "https://registry.npmjs.org/lodash.partition/-/lodash.partition-4.6.0.tgz"
  "version" "4.6.0"

"lodash.samplesize@^4.2.0":
  "integrity" "sha512-1ZhKV7/nuISuaQdxfCqrs4HHxXIYN+0Z4f7NMQn2PHkxFZJGavJQ1j/paxyJnLJmN2ZamNN6SMepneV+dCgQTA=="
  "resolved" "https://registry.npmjs.org/lodash.samplesize/-/lodash.samplesize-4.2.0.tgz"
  "version" "4.2.0"

"moment@^2.29.2":
  "integrity" "sha512-5LC9SOxjSc2HF6vO2CyuTDNivEdoz2IvyJJGj6X8DJ0eFyfszE0QiEd+iXmBvUP3WHxSjFH/vIsA0EN00cgr8w=="
  "resolved" "https://registry.npmjs.org/moment/-/moment-2.29.4.tgz"
  "version" "2.29.4"
